
Microsoft Visual Studio Solution File, Format Version 12.00
# Visual Studio Version 16
VisualStudioVersion = 25.0.1706.7
MinimumVisualStudioVersion = 10.0.40219.1
Project("{FAE04EC0-301F-11D3-BF4B-00C04F79EFBC}") = "GrpcGreeter", "GrpcGreeter.csproj", "{2F886AC4-19EC-41C1-92E6-0A91644C2AEB}"
EndProject
Project("{FAE04EC0-301F-11D3-BF4B-00C04F79EFBC}") = "GrpcGreeterClient", "..\GrpcGreeterClient\GrpcGreeterClient.csproj", "{A3F8A62A-AF3B-4918-9121-A9EE627A865C}"
EndProject
Global
	GlobalSection(SolutionConfigurationPlatforms) = preSolution
		Debug|Any CPU = Debug|Any CPU
		Release|Any CPU = Release|Any CPU
	EndGlobalSection
	GlobalSection(ProjectConfigurationPlatforms) = postSolution
		{2F886AC4-19EC-41C1-92E6-0A91644C2AEB}.Debug|Any CPU.ActiveCfg = Debug|Any CPU
		{2F886AC4-19EC-41C1-92E6-0A91644C2AEB}.Debug|Any CPU.Build.0 = Debug|Any CPU
		{2F886AC4-19EC-41C1-92E6-0A91644C2AEB}.Release|Any CPU.ActiveCfg = Release|Any CPU
		{2F886AC4-19EC-41C1-92E6-0A91644C2AEB}.Release|Any CPU.Build.0 = Release|Any CPU
		{A3F8A62A-AF3B-4918-9121-A9EE627A865C}.Debug|Any CPU.ActiveCfg = Debug|Any CPU
		{A3F8A62A-AF3B-4918-9121-A9EE627A865C}.Debug|Any CPU.Build.0 = Debug|Any CPU
		{A3F8A62A-AF3B-4918-9121-A9EE627A865C}.Release|Any CPU.ActiveCfg = Release|Any CPU
		{A3F8A62A-AF3B-4918-9121-A9EE627A865C}.Release|Any CPU.Build.0 = Release|Any CPU
	EndGlobalSection
	GlobalSection(SolutionProperties) = preSolution
		HideSolutionNode = FALSE
	EndGlobalSection
	GlobalSection(ExtensibilityGlobals) = postSolution
		SolutionGuid = {7242DE63-87D4-4767-B4BF-BDB3BDEADBDB}
	EndGlobalSection
EndGlobal
