
Microsoft Visual Studio Solution File, Format Version 12.00
# Visual Studio Version 17
VisualStudioVersion = 17.8.34219.65
MinimumVisualStudioVersion = 10.0.40219.1
Project("{FAE04EC0-301F-11D3-BF4B-00C04F79EFBC}") = "TodoApi", "TodoApi.csproj", "{9E94A54E-2D9A-462D-8F5D-611C2110C56B}"
EndProject
Global
	GlobalSection(SolutionConfigurationPlatforms) = preSolution
		Debug|Any CPU = Debug|Any CPU
		Release|Any CPU = Release|Any CPU
	EndGlobalSection
	GlobalSection(ProjectConfigurationPlatforms) = postSolution
		{9E94A54E-2D9A-462D-8F5D-611C2110C56B}.Debug|Any CPU.ActiveCfg = Debug|Any CPU
		{9E94A54E-2D9A-462D-8F5D-611C2110C56B}.Debug|Any CPU.Build.0 = Debug|Any CPU
		{9E94A54E-2D9A-462D-8F5D-611C2110C56B}.Release|Any CPU.ActiveCfg = Release|Any CPU
		{9E94A54E-2D9A-462D-8F5D-611C2110C56B}.Release|Any CPU.Build.0 = Release|Any CPU
	EndGlobalSection
	GlobalSection(SolutionProperties) = preSolution
		HideSolutionNode = FALSE
	EndGlobalSection
	GlobalSection(ExtensibilityGlobals) = postSolution
		SolutionGuid = {D7DDF9DE-2A82-4429-BC1E-BAD53609847E}
	EndGlobalSection
EndGlobal
