
Microsoft Visual Studio Solution File, Format Version 12.00
# Visual Studio Version 17
VisualStudioVersion = 17.8.34302.71
MinimumVisualStudioVersion = 10.0.40219.1
Project("{9A19103F-16F7-4668-BE54-9A1E7A4F7556}") = "Domain", "Domain\Domain.csproj", "{BAE1A6B9-13D0-4A7A-9D37-E4C468B9963B}"
EndProject
Project("{2150E333-8FDC-42A3-9474-1A3956D46DE8}") = "src", "src", "{A09C6D30-8F10-49E5-B661-C21C92600A84}"
EndProject
Project("{9A19103F-16F7-4668-BE54-9A1E7A4F7556}") = "Application", "Application\Application.csproj", "{C98234D3-A022-4E62-85DC-992A6394A431}"
EndProject
Project("{9A19103F-16F7-4668-BE54-9A1E7A4F7556}") = "Infrastructure", "Infrastructure\Infrastructure.csproj", "{DA7F417A-4041-4266-A42D-D143C284563D}"
EndProject
Project("{9A19103F-16F7-4668-BE54-9A1E7A4F7556}") = "Persistence", "Persistence\Persistence.csproj", "{DEBFCBAB-8831-40F8-8589-5119D55BA19E}"
EndProject
Project("{9A19103F-16F7-4668-BE54-9A1E7A4F7556}") = "WebApi", "WebApi\WebApi.csproj", "{D2FF160A-13EB-475E-84F0-FFE28493241F}"
EndProject
Project("{E53339B2-1760-4266-BCC7-CA923CBCF16C}") = "docker-compose", "docker-compose.dcproj", "{DE3381DF-63FB-4CEA-9E0B-6CE197168EEC}"
EndProject
Project("{2150E333-8FDC-42A3-9474-1A3956D46DE8}") = "test", "test", "{71895BE5-E536-4EFD-9157-22F1ACDF1A8B}"
EndProject
Project("{9A19103F-16F7-4668-BE54-9A1E7A4F7556}") = "UnitTest", "UnitTest\UnitTest.csproj", "{B6F20A6B-909E-4949-9C1F-7AD03B912343}"
EndProject
Project("{FAE04EC0-301F-11D3-BF4B-00C04F79EFBC}") = "IntegrationTest", "IntegrationTest\IntegrationTest.csproj", "{E38A2118-78A7-4919-A514-84EBD83C395A}"
EndProject
Global
	GlobalSection(SolutionConfigurationPlatforms) = preSolution
		Debug|Any CPU = Debug|Any CPU
		Release|Any CPU = Release|Any CPU
	EndGlobalSection
	GlobalSection(ProjectConfigurationPlatforms) = postSolution
		{BAE1A6B9-13D0-4A7A-9D37-E4C468B9963B}.Debug|Any CPU.ActiveCfg = Debug|Any CPU
		{BAE1A6B9-13D0-4A7A-9D37-E4C468B9963B}.Debug|Any CPU.Build.0 = Debug|Any CPU
		{BAE1A6B9-13D0-4A7A-9D37-E4C468B9963B}.Release|Any CPU.ActiveCfg = Release|Any CPU
		{BAE1A6B9-13D0-4A7A-9D37-E4C468B9963B}.Release|Any CPU.Build.0 = Release|Any CPU
		{C98234D3-A022-4E62-85DC-992A6394A431}.Debug|Any CPU.ActiveCfg = Debug|Any CPU
		{C98234D3-A022-4E62-85DC-992A6394A431}.Debug|Any CPU.Build.0 = Debug|Any CPU
		{C98234D3-A022-4E62-85DC-992A6394A431}.Release|Any CPU.ActiveCfg = Release|Any CPU
		{C98234D3-A022-4E62-85DC-992A6394A431}.Release|Any CPU.Build.0 = Release|Any CPU
		{DA7F417A-4041-4266-A42D-D143C284563D}.Debug|Any CPU.ActiveCfg = Debug|Any CPU
		{DA7F417A-4041-4266-A42D-D143C284563D}.Debug|Any CPU.Build.0 = Debug|Any CPU
		{DA7F417A-4041-4266-A42D-D143C284563D}.Release|Any CPU.ActiveCfg = Release|Any CPU
		{DA7F417A-4041-4266-A42D-D143C284563D}.Release|Any CPU.Build.0 = Release|Any CPU
		{DEBFCBAB-8831-40F8-8589-5119D55BA19E}.Debug|Any CPU.ActiveCfg = Debug|Any CPU
		{DEBFCBAB-8831-40F8-8589-5119D55BA19E}.Debug|Any CPU.Build.0 = Debug|Any CPU
		{DEBFCBAB-8831-40F8-8589-5119D55BA19E}.Release|Any CPU.ActiveCfg = Release|Any CPU
		{DEBFCBAB-8831-40F8-8589-5119D55BA19E}.Release|Any CPU.Build.0 = Release|Any CPU
		{D2FF160A-13EB-475E-84F0-FFE28493241F}.Debug|Any CPU.ActiveCfg = Debug|Any CPU
		{D2FF160A-13EB-475E-84F0-FFE28493241F}.Debug|Any CPU.Build.0 = Debug|Any CPU
		{D2FF160A-13EB-475E-84F0-FFE28493241F}.Release|Any CPU.ActiveCfg = Release|Any CPU
		{D2FF160A-13EB-475E-84F0-FFE28493241F}.Release|Any CPU.Build.0 = Release|Any CPU
		{DE3381DF-63FB-4CEA-9E0B-6CE197168EEC}.Debug|Any CPU.ActiveCfg = Debug|Any CPU
		{DE3381DF-63FB-4CEA-9E0B-6CE197168EEC}.Debug|Any CPU.Build.0 = Debug|Any CPU
		{DE3381DF-63FB-4CEA-9E0B-6CE197168EEC}.Release|Any CPU.ActiveCfg = Release|Any CPU
		{DE3381DF-63FB-4CEA-9E0B-6CE197168EEC}.Release|Any CPU.Build.0 = Release|Any CPU
		{B6F20A6B-909E-4949-9C1F-7AD03B912343}.Debug|Any CPU.ActiveCfg = Debug|Any CPU
		{B6F20A6B-909E-4949-9C1F-7AD03B912343}.Debug|Any CPU.Build.0 = Debug|Any CPU
		{B6F20A6B-909E-4949-9C1F-7AD03B912343}.Release|Any CPU.ActiveCfg = Release|Any CPU
		{B6F20A6B-909E-4949-9C1F-7AD03B912343}.Release|Any CPU.Build.0 = Release|Any CPU
		{E38A2118-78A7-4919-A514-84EBD83C395A}.Debug|Any CPU.ActiveCfg = Debug|Any CPU
		{E38A2118-78A7-4919-A514-84EBD83C395A}.Debug|Any CPU.Build.0 = Debug|Any CPU
		{E38A2118-78A7-4919-A514-84EBD83C395A}.Release|Any CPU.ActiveCfg = Release|Any CPU
		{E38A2118-78A7-4919-A514-84EBD83C395A}.Release|Any CPU.Build.0 = Release|Any CPU
	EndGlobalSection
	GlobalSection(SolutionProperties) = preSolution
		HideSolutionNode = FALSE
	EndGlobalSection
	GlobalSection(NestedProjects) = preSolution
		{BAE1A6B9-13D0-4A7A-9D37-E4C468B9963B} = {A09C6D30-8F10-49E5-B661-C21C92600A84}
		{C98234D3-A022-4E62-85DC-992A6394A431} = {A09C6D30-8F10-49E5-B661-C21C92600A84}
		{DA7F417A-4041-4266-A42D-D143C284563D} = {A09C6D30-8F10-49E5-B661-C21C92600A84}
		{DEBFCBAB-8831-40F8-8589-5119D55BA19E} = {A09C6D30-8F10-49E5-B661-C21C92600A84}
		{D2FF160A-13EB-475E-84F0-FFE28493241F} = {A09C6D30-8F10-49E5-B661-C21C92600A84}
		{B6F20A6B-909E-4949-9C1F-7AD03B912343} = {71895BE5-E536-4EFD-9157-22F1ACDF1A8B}
		{E38A2118-78A7-4919-A514-84EBD83C395A} = {71895BE5-E536-4EFD-9157-22F1ACDF1A8B}
	EndGlobalSection
	GlobalSection(ExtensibilityGlobals) = postSolution
		SolutionGuid = {95E670F6-82D5-4B0E-BF9D-F47041FBDDE3}
	EndGlobalSection
EndGlobal
